# This file is automatically @generated by Cargo.
# It is not intended for manual editing.
version = 4

[[package]]
name = "scankit"
version = "0.0.0"

[[package]]
name = "scankit-backend-escl"
version = "0.0.0"

[[package]]
name = "scankit-backend-virtual"
version = "0.0.0"

[[package]]
name = "scankit-backend-wsd"
version = "0.0.0"

[[package]]
name = "scankit-cli"
version = "0.0.0"

[[package]]
name = "scankit-core"
version = "0.0.0"

[[package]]
name = "scankit-discover"
version = "0.0.0"

[[package]]
name = "scankit-driverkit"
version = "0.0.0"

[[package]]
name = "scankit-escl"
version = "0.0.0"

[[package]]
name = "scankit-http"
version = "0.0.0"

[[package]]
name = "scankit-testkit"
version = "0.0.0"

[[package]]
name = "scankit-wsd"
version = "0.0.0"

[[package]]
name = "xtask"
version = "0.0.0"
